# This file is automatically @generated by Cargo.
# It is not intended for manual editing.
version = 4

[[package]]
name = "autocfg"
version = "1.5.1"
source = "registry+https://github.com/rust-lang/crates.io-index"
checksum = "f2032f911046de80f0a198e0901378627c33f59ea0ac00e363d481118bd70a53"

[[package]]
name = "bitflags"
version = "2.13.2"
source = "registry+https://github.com/rust-lang/crates.io-index"
checksum = "3ded4057c258ba199e2d26386d3af3780957ecaee6c4ef4041c6b4b8b97c0b06"

[[package]]
name = "cc"
version = "1.4.7"
source = "registry+https://github.com/rust-lang/crates.io-index"
checksum = "54413ede23c2daf518f35156dfde027feb2374004d63bd497f983c8db9c0e313"
dependencies = [
 "find-msvc-tools",
 "shlex",
]

[[package]]
name = "cfg-if"
version = "1.0.5"
source = "registry+https://github.com/rust-lang/crates.io-index"
checksum = "4e7648175b45a9a48536d676f68d918270699102aa8dab5496df06904c914600"

[[package]]
name = "concurrent-queue"
version = "2.5.0"
source = "registry+https://github.com/rust-lang/crates.io-index"
checksum = "4ca0197aee26d1ae37445ee532fefce43251d24cc7c166799f4d46817f1d3973"
dependencies = [
 "crossbeam-utils",
]

[[package]]
name = "corosensei"
version = "0.3.4"
source = "registry+https://github.com/rust-lang/crates.io-index"
checksum = "6886a0c0f263965933c438626e7179139a62b978a33aa18281cbf0cd5a975f34"
dependencies = [
 "autocfg",
 "cfg-if",
 "libc",
 "scopeguard",
 "windows-sys 0.59.0",
]

[[package]]
name = "crossbeam-deque"
version = "0.8.8"
source = "registry+https://github.com/rust-lang/crates.io-index"
checksum = "622f3fc73690be383c7214310406f28a90e6edeadc3cea882f9d71e495b9711a"
dependencies = [
 "crossbeam-epoch",
 "crossbeam-utils",
]

[[package]]
name = "crossbeam-epoch"
version = "0.9.21"
source = "registry+https://github.com/rust-lang/crates.io-index"
checksum = "dc74980687109a3b14c72fd458107bf0baa1da1a1a805e178d15501ba9b86d9d"
dependencies = [
 "crossbeam-utils",
]

[[package]]
name = "crossbeam-utils"
version = "0.8.23"
source = "registry+https://github.com/rust-lang/crates.io-index"
checksum = "a31eee39dddec8330830986fcd7625edb5a24ec90ea038215273bbc3adb08ac6"

[[package]]
name = "errno"
version = "0.3.14"
source = "registry+https://github.com/rust-lang/crates.io-index"
checksum = "39cab71617ae0d63f51a36d69f866391735b51691dbda63cf6f96d042b63efeb"
dependencies = [
 "libc",
 "windows-sys 0.61.2",
]

[[package]]
name = "find-msvc-tools"
version = "0.1.13"
source = "registry+https://github.com/rust-lang/crates.io-index"
checksum = "ef25905e51abafe4dcea6c15fec58c57b601cdbd0ee53d22ea1d3016c587d39b"

[[package]]
name = "gimli"
version = "0.33.0"
source = "registry+https://github.com/rust-lang/crates.io-index"
checksum = "0bf7f043f89559805f8c7cacc432749b2fa0d0a0a9ee46ce47164ed5ba7f126c"
dependencies = [
 "stable_deref_trait",
]

[[package]]
name = "hermit-abi"
version = "0.5.3"
source = "registry+https://github.com/rust-lang/crates.io-index"
checksum = "e17592d60ebacc7d5e169f4663c5f84f9161cc90328abcfe8456f41e4dfcb284"

[[package]]
name = "libc"
version = "0.2.189"
source = "registry+https://github.com/rust-lang/crates.io-index"
checksum = "3eaf3ede3fee6db1a4c2ee091bf8a8b4dccdc6d17f656fb07896ee72867612f2"

[[package]]
name = "libm"
version = "0.2.16"
source = "registry+https://github.com/rust-lang/crates.io-index"
checksum = "b6d2cec3eae94f9f509c767b45932f1ada8350c4bdb85af2fcab4a3c14807981"

[[package]]
name = "libmimalloc-sys"
version = "0.1.49"
source = "registry+https://github.com/rust-lang/crates.io-index"
checksum = "6a45a52f43e1c16f667ccfe4dd8c85b7f7c204fd5e3bf46c5b0db9a5c3c0b8e9"
dependencies = [
 "cc",
]

[[package]]
name = "linux-raw-sys"
version = "0.12.1"
source = "registry+https://github.com/rust-lang/crates.io-index"
checksum = "32a66949e030da00e8c7d4434b251670a91556f4144941d37452769c25d58a53"

[[package]]
name = "memchr"
version = "2.8.3"
source = "registry+https://github.com/rust-lang/crates.io-index"
checksum = "cf8baf1c55e62ffcace7a9f06f4bd9cd3f0c4beb022d3b367256b91b87513d98"

[[package]]
name = "mimalloc"
version = "0.1.52"
source = "registry+https://github.com/rust-lang/crates.io-index"
checksum = "2d4139bb28d14ad1facf21d5eb8825051b326e172d216b39f6d31df53cc97862"
dependencies = [
 "libmimalloc-sys",
]

[[package]]
name = "object"
version = "0.39.1"
source = "registry+https://github.com/rust-lang/crates.io-index"
checksum = "2e5a6c098c7a3b6547378093f5cc30bc54fd361ce711e05293a5cc589562739b"
dependencies = [
 "memchr",
]

[[package]]
name = "paco-runtime"
version = "0.0.0"
dependencies = [
 "corosensei",
 "crossbeam-deque",
 "polling",
]

[[package]]
name = "paco-runtime-ffi"
version = "0.0.0"
dependencies = [
 "corosensei",
 "gimli",
 "libm",
 "mimalloc",
 "object",
 "paco-runtime",
]

[[package]]
name = "pin-project-lite"
version = "0.2.17"
source = "registry+https://github.com/rust-lang/crates.io-index"
checksum = "a89322df9ebe1c1578d689c92318e070967d1042b512afbe49518723f4e6d5cd"

[[package]]
name = "polling"
version = "3.11.0"
source = "registry+https://github.com/rust-lang/crates.io-index"
checksum = "5d0e4f59085d47d8241c88ead0f274e8a0cb551f3625263c05eb8dd897c34218"
dependencies = [
 "cfg-if",
 "concurrent-queue",
 "hermit-abi",
 "pin-project-lite",
 "rustix",
 "windows-sys 0.61.2",
]

[[package]]
name = "rustix"
version = "1.1.5"
source = "registry+https://github.com/rust-lang/crates.io-index"
checksum = "891efababe418670775f199f0d233d84843c227a0949a883ce15b37c78d6629d"
dependencies = [
 "bitflags",
 "errno",
 "libc",
 "linux-raw-sys",
 "windows-sys 0.61.2",
]

[[package]]
name = "scopeguard"
version = "1.2.0"
source = "registry+https://github.com/rust-lang/crates.io-index"
checksum = "94143f37725109f92c262ed2cf5e59bce7498c01bcc1502d7b9afe439a4e9f49"

[[package]]
name = "shlex"
version = "2.0.1"
source = "registry+https://github.com/rust-lang/crates.io-index"
checksum = "f8fadd59c855ef2080decdef8ff161eb6661b86933c9d82e5ba29dc602a55aba"

[[package]]
name = "stable_deref_trait"
version = "1.2.1"
source = "registry+https://github.com/rust-lang/crates.io-index"
checksum = "6ce2be8dc25455e1f91df71bfa12ad37d7af1092ae736f3a6cd0e37bc7810596"

[[package]]
name = "windows-link"
version = "0.2.1"
source = "registry+https://github.com/rust-lang/crates.io-index"
checksum = "f0805222e57f7521d6a62e36fa9163bc891acd422f971defe97d64e70d0a4fe5"

[[package]]
name = "windows-sys"
version = "0.59.0"
source = "registry+https://github.com/rust-lang/crates.io-index"
checksum = "1e38bc4d79ed67fd075bcc251a1c39b32a1776bbe92e5bef1f0bf1f8c531853b"
dependencies = [
 "windows-targets",
]

[[package]]
name = "windows-sys"
version = "0.61.2"
source = "registry+https://github.com/rust-lang/crates.io-index"
checksum = "ae137229bcbd6cdf0f7b80a31df61766145077ddf49416a728b02cb3921ff3fc"
dependencies = [
 "windows-link",
]

[[package]]
name = "windows-targets"
version = "0.52.6"
source = "registry+https://github.com/rust-lang/crates.io-index"
checksum = "9b724f72796e036ab90c1021d4780d4d3d648aca59e491e6b98e725b84e99973"
dependencies = [
 "windows_aarch64_gnullvm",
 "windows_aarch64_msvc",
 "windows_i686_gnu",
 "windows_i686_gnullvm",
 "windows_i686_msvc",
 "windows_x86_64_gnu",
 "windows_x86_64_gnullvm",
 "windows_x86_64_msvc",
]

[[package]]
name = "windows_aarch64_gnullvm"
version = "0.52.6"
source = "registry+https://github.com/rust-lang/crates.io-index"
checksum = "32a4622180e7a0ec044bb555404c800bc9fd9ec262ec147edd5989ccd0c02cd3"

[[package]]
name = "windows_aarch64_msvc"
version = "0.52.6"
source = "registry+https://github.com/rust-lang/crates.io-index"
checksum = "09ec2a7bb152e2252b53fa7803150007879548bc709c039df7627cabbd05d469"

[[package]]
name = "windows_i686_gnu"
version = "0.52.6"
source = "registry+https://github.com/rust-lang/crates.io-index"
checksum = "8e9b5ad5ab802e97eb8e295ac6720e509ee4c243f69d781394014ebfe8bbfa0b"

[[package]]
name = "windows_i686_gnullvm"
version = "0.52.6"
source = "registry+https://github.com/rust-lang/crates.io-index"
checksum = "0eee52d38c090b3caa76c563b86c3a4bd71ef1a819287c19d586d7334ae8ed66"

[[package]]
name = "windows_i686_msvc"
version = "0.52.6"
source = "registry+https://github.com/rust-lang/crates.io-index"
checksum = "240948bc05c5e7c6dabba28bf89d89ffce3e303022809e73deaefe4f6ec56c66"

[[package]]
name = "windows_x86_64_gnu"
version = "0.52.6"
source = "registry+https://github.com/rust-lang/crates.io-index"
checksum = "147a5c80aabfbf0c7d901cb5895d1de30ef2907eb21fbbab29ca94c5b08b1a78"

[[package]]
name = "windows_x86_64_gnullvm"
version = "0.52.6"
source = "registry+https://github.com/rust-lang/crates.io-index"
checksum = "24d5b23dc417412679681396f2b49f3de8c1473deb516bd34410872eff51ed0d"

[[package]]
name = "windows_x86_64_msvc"
version = "0.52.6"
source = "registry+https://github.com/rust-lang/crates.io-index"
checksum = "589f6da84c646204747d1270a2a5661ea66ed1cced2631d546fdfb155959f9ec"
